
Microsoft Visual Studio Solution File, Format Version 12.00
# Visual Studio Version 17
VisualStudioVersion = 17.11.35208.52
MinimumVisualStudioVersion = 10.0.40219.1
Project("{FAE04EC0-301F-11D3-BF4B-00C04F79EFBC}") = "TestCore", "TestCore.csproj", "{5EA94558-39E7-43C1-818F-6FE833033B9E}"
EndProject
Project("{FAE04EC0-301F-11D3-BF4B-00C04F79EFBC}") = "BusinessLogicLayer", "..\BusinessLogicDLVD\BusinessLogicLayer.csproj", "{0E946675-BE7E-48AE-A4DD-28F09AA30235}"
EndProject
Project("{FAE04EC0-301F-11D3-BF4B-00C04F79EFBC}") = "DataAccessLayer", "..\DataAccessLayer\DataAccessLayer.csproj", "{8EE1BA54-D510-45EA-A84D-7501C3224CC0}"
EndProject
Global
	GlobalSection(SolutionConfigurationPlatforms) = preSolution
		Debug|Any CPU = Debug|Any CPU
		Release|Any CPU = Release|Any CPU
	EndGlobalSection
	GlobalSection(ProjectConfigurationPlatforms) = postSolution
		{5EA94558-39E7-43C1-818F-6FE833033B9E}.Debug|Any CPU.ActiveCfg = Debug|Any CPU
		{5EA94558-39E7-43C1-818F-6FE833033B9E}.Debug|Any CPU.Build.0 = Debug|Any CPU
		{5EA94558-39E7-43C1-818F-6FE833033B9E}.Release|Any CPU.ActiveCfg = Release|Any CPU
		{5EA94558-39E7-43C1-818F-6FE833033B9E}.Release|Any CPU.Build.0 = Release|Any CPU
		{0E946675-BE7E-48AE-A4DD-28F09AA30235}.Debug|Any CPU.ActiveCfg = Debug|Any CPU
		{0E946675-BE7E-48AE-A4DD-28F09AA30235}.Debug|Any CPU.Build.0 = Debug|Any CPU
		{0E946675-BE7E-48AE-A4DD-28F09AA30235}.Release|Any CPU.ActiveCfg = Release|Any CPU
		{0E946675-BE7E-48AE-A4DD-28F09AA30235}.Release|Any CPU.Build.0 = Release|Any CPU
		{8EE1BA54-D510-45EA-A84D-7501C3224CC0}.Debug|Any CPU.ActiveCfg = Debug|Any CPU
		{8EE1BA54-D510-45EA-A84D-7501C3224CC0}.Debug|Any CPU.Build.0 = Debug|Any CPU
		{8EE1BA54-D510-45EA-A84D-7501C3224CC0}.Release|Any CPU.ActiveCfg = Release|Any CPU
		{8EE1BA54-D510-45EA-A84D-7501C3224CC0}.Release|Any CPU.Build.0 = Release|Any CPU
	EndGlobalSection
	GlobalSection(SolutionProperties) = preSolution
		HideSolutionNode = FALSE
	EndGlobalSection
	GlobalSection(ExtensibilityGlobals) = postSolution
		SolutionGuid = {C37DDDB6-0372-4729-A8D2-5E60062438D6}
	EndGlobalSection
EndGlobal
